
Microsoft Visual Studio Solution File, Format Version 12.00
Project("{FAE04EC0-301F-11D3-BF4B-00C04F79EFBC}") = "WordWrapTDD", "WordWrapTDD\WordWrapTDD.csproj", "{6161D26A-C812-42AE-AD17-9C55ABD66278}"
EndProject
Global
	GlobalSection(SolutionConfigurationPlatforms) = preSolution
		Debug|Any CPU = Debug|Any CPU
		Release|Any CPU = Release|Any CPU
	EndGlobalSection
	GlobalSection(ProjectConfigurationPlatforms) = postSolution
		{6161D26A-C812-42AE-AD17-9C55ABD66278}.Debug|Any CPU.ActiveCfg = Debug|Any CPU
		{6161D26A-C812-42AE-AD17-9C55ABD66278}.Debug|Any CPU.Build.0 = Debug|Any CPU
		{6161D26A-C812-42AE-AD17-9C55ABD66278}.Release|Any CPU.ActiveCfg = Release|Any CPU
		{6161D26A-C812-42AE-AD17-9C55ABD66278}.Release|Any CPU.Build.0 = Release|Any CPU
	EndGlobalSection
EndGlobal
